
Microsoft Visual Studio Solution File, Format Version 12.00
# Visual Studio 2013
VisualStudioVersion = 12.0.31101.0
MinimumVisualStudioVersion = 10.0.40219.1
Project("{FAE04EC0-301F-11D3-BF4B-00C04F79EFBC}") = "LemLib", "LemLib\LemLib.csproj", "{DD6B2329-BD2A-4DA7-9FF7-29F6178433B9}"
EndProject
Project("{FAE04EC0-301F-11D3-BF4B-00C04F79EFBC}") = "LemTool", "LemTool\LemTool.csproj", "{E478794C-BAC0-4803-A6BD-6646FADFEE90}"
EndProject
Project("{FAE04EC0-301F-11D3-BF4B-00C04F79EFBC}") = "LemTest", "LemTest\LemTest.csproj", "{9550C147-081B-402B-A58E-C73CBA7CE5FF}"
EndProject
Global
	GlobalSection(SolutionConfigurationPlatforms) = preSolution
		Debug|Any CPU = Debug|Any CPU
		Release|Any CPU = Release|Any CPU
	EndGlobalSection
	GlobalSection(ProjectConfigurationPlatforms) = postSolution
		{DD6B2329-BD2A-4DA7-9FF7-29F6178433B9}.Debug|Any CPU.ActiveCfg = Debug|Any CPU
		{DD6B2329-BD2A-4DA7-9FF7-29F6178433B9}.Debug|Any CPU.Build.0 = Debug|Any CPU
		{DD6B2329-BD2A-4DA7-9FF7-29F6178433B9}.Release|Any CPU.ActiveCfg = Release|Any CPU
		{DD6B2329-BD2A-4DA7-9FF7-29F6178433B9}.Release|Any CPU.Build.0 = Release|Any CPU
		{E478794C-BAC0-4803-A6BD-6646FADFEE90}.Debug|Any CPU.ActiveCfg = Debug|Any CPU
		{E478794C-BAC0-4803-A6BD-6646FADFEE90}.Debug|Any CPU.Build.0 = Debug|Any CPU
		{E478794C-BAC0-4803-A6BD-6646FADFEE90}.Release|Any CPU.ActiveCfg = Release|Any CPU
		{E478794C-BAC0-4803-A6BD-6646FADFEE90}.Release|Any CPU.Build.0 = Release|Any CPU
		{9550C147-081B-402B-A58E-C73CBA7CE5FF}.Debug|Any CPU.ActiveCfg = Debug|Any CPU
		{9550C147-081B-402B-A58E-C73CBA7CE5FF}.Debug|Any CPU.Build.0 = Debug|Any CPU
		{9550C147-081B-402B-A58E-C73CBA7CE5FF}.Release|Any CPU.ActiveCfg = Release|Any CPU
		{9550C147-081B-402B-A58E-C73CBA7CE5FF}.Release|Any CPU.Build.0 = Release|Any CPU
	EndGlobalSection
	GlobalSection(SolutionProperties) = preSolution
		HideSolutionNode = FALSE
	EndGlobalSection
EndGlobal
